
Microsoft Visual Studio Solution File, Format Version 12.00
# Visual Studio Version 16
VisualStudioVersion = 16.0.31229.75
MinimumVisualStudioVersion = 10.0.40219.1
Project("{FAE04EC0-301F-11D3-BF4B-00C04F79EFBC}") = "VeterinariaBack", "VeterinariaBack\VeterinariaBack.csproj", "{F58D52F9-3913-414B-AE1B-EAAB55C1A29F}"
EndProject
Project("{FAE04EC0-301F-11D3-BF4B-00C04F79EFBC}") = "VeterinariaWebApi", "VeterinariaWebApi\VeterinariaWebApi.csproj", "{ADD03227-1F00-4F96-B231-9D590E12C6F5}"
EndProject
Project("{FAE04EC0-301F-11D3-BF4B-00C04F79EFBC}") = "VeterinariaFront", "VeterinariaFront\VeterinariaFront.csproj", "{8551CFC5-CAE3-4D37-9FFF-012F245AF885}"
EndProject
Global
	GlobalSection(SolutionConfigurationPlatforms) = preSolution
		Debug|Any CPU = Debug|Any CPU
		Release|Any CPU = Release|Any CPU
	EndGlobalSection
	GlobalSection(ProjectConfigurationPlatforms) = postSolution
		{F58D52F9-3913-414B-AE1B-EAAB55C1A29F}.Debug|Any CPU.ActiveCfg = Debug|Any CPU
		{F58D52F9-3913-414B-AE1B-EAAB55C1A29F}.Debug|Any CPU.Build.0 = Debug|Any CPU
		{F58D52F9-3913-414B-AE1B-EAAB55C1A29F}.Release|Any CPU.ActiveCfg = Release|Any CPU
		{F58D52F9-3913-414B-AE1B-EAAB55C1A29F}.Release|Any CPU.Build.0 = Release|Any CPU
		{ADD03227-1F00-4F96-B231-9D590E12C6F5}.Debug|Any CPU.ActiveCfg = Debug|Any CPU
		{ADD03227-1F00-4F96-B231-9D590E12C6F5}.Debug|Any CPU.Build.0 = Debug|Any CPU
		{ADD03227-1F00-4F96-B231-9D590E12C6F5}.Release|Any CPU.ActiveCfg = Release|Any CPU
		{ADD03227-1F00-4F96-B231-9D590E12C6F5}.Release|Any CPU.Build.0 = Release|Any CPU
		{8551CFC5-CAE3-4D37-9FFF-012F245AF885}.Debug|Any CPU.ActiveCfg = Debug|Any CPU
		{8551CFC5-CAE3-4D37-9FFF-012F245AF885}.Debug|Any CPU.Build.0 = Debug|Any CPU
		{8551CFC5-CAE3-4D37-9FFF-012F245AF885}.Release|Any CPU.ActiveCfg = Release|Any CPU
		{8551CFC5-CAE3-4D37-9FFF-012F245AF885}.Release|Any CPU.Build.0 = Release|Any CPU
	EndGlobalSection
	GlobalSection(SolutionProperties) = preSolution
		HideSolutionNode = FALSE
	EndGlobalSection
	GlobalSection(ExtensibilityGlobals) = postSolution
		SolutionGuid = {A929F32D-AE06-41E4-A03C-0860AC206FC9}
	EndGlobalSection
EndGlobal
